
Microsoft Visual Studio Solution File, Format Version 12.00
# Visual Studio Version 17
VisualStudioVersion = 17.14.36408.4
MinimumVisualStudioVersion = 10.0.40219.1
Project("{9A19103F-16F7-4668-BE54-9A1E7A4F7556}") = "VillainLairManager", "VillainManager.App\VillainLairManager.csproj", "{CCEB728A-608B-5573-15FC-9176DB5AC085}"
EndProject
Project("{FAE04EC0-301F-11D3-BF4B-00C04F79EFBC}") = "VillainLairManager.Tests", "VillainLairManager.Tests\VillainLairManager.Tests.csproj", "{E958187B-FB7F-4A2B-B006-A989C15BCCCC}"
EndProject
Global
	GlobalSection(SolutionConfigurationPlatforms) = preSolution
		Debug|Any CPU = Debug|Any CPU
		Debug|x64 = Debug|x64
		Debug|x86 = Debug|x86
		Release|Any CPU = Release|Any CPU
		Release|x64 = Release|x64
		Release|x86 = Release|x86
	EndGlobalSection
	GlobalSection(ProjectConfigurationPlatforms) = postSolution
		{CCEB728A-608B-5573-15FC-9176DB5AC085}.Debug|Any CPU.ActiveCfg = Debug|Any CPU
		{CCEB728A-608B-5573-15FC-9176DB5AC085}.Debug|Any CPU.Build.0 = Debug|Any CPU
		{CCEB728A-608B-5573-15FC-9176DB5AC085}.Debug|x64.ActiveCfg = Debug|Any CPU
		{CCEB728A-608B-5573-15FC-9176DB5AC085}.Debug|x64.Build.0 = Debug|Any CPU
		{CCEB728A-608B-5573-15FC-9176DB5AC085}.Debug|x86.ActiveCfg = Debug|Any CPU
		{CCEB728A-608B-5573-15FC-9176DB5AC085}.Debug|x86.Build.0 = Debug|Any CPU
		{CCEB728A-608B-5573-15FC-9176DB5AC085}.Release|Any CPU.ActiveCfg = Release|Any CPU
		{CCEB728A-608B-5573-15FC-9176DB5AC085}.Release|Any CPU.Build.0 = Release|Any CPU
		{CCEB728A-608B-5573-15FC-9176DB5AC085}.Release|x64.ActiveCfg = Release|Any CPU
		{CCEB728A-608B-5573-15FC-9176DB5AC085}.Release|x64.Build.0 = Release|Any CPU
		{CCEB728A-608B-5573-15FC-9176DB5AC085}.Release|x86.ActiveCfg = Release|Any CPU
		{CCEB728A-608B-5573-15FC-9176DB5AC085}.Release|x86.Build.0 = Release|Any CPU
		{E958187B-FB7F-4A2B-B006-A989C15BCCCC}.Debug|Any CPU.ActiveCfg = Debug|Any CPU
		{E958187B-FB7F-4A2B-B006-A989C15BCCCC}.Debug|Any CPU.Build.0 = Debug|Any CPU
		{E958187B-FB7F-4A2B-B006-A989C15BCCCC}.Debug|x64.ActiveCfg = Debug|Any CPU
		{E958187B-FB7F-4A2B-B006-A989C15BCCCC}.Debug|x64.Build.0 = Debug|Any CPU
		{E958187B-FB7F-4A2B-B006-A989C15BCCCC}.Debug|x86.ActiveCfg = Debug|Any CPU
		{E958187B-FB7F-4A2B-B006-A989C15BCCCC}.Debug|x86.Build.0 = Debug|Any CPU
		{E958187B-FB7F-4A2B-B006-A989C15BCCCC}.Release|Any CPU.ActiveCfg = Release|Any CPU
		{E958187B-FB7F-4A2B-B006-A989C15BCCCC}.Release|Any CPU.Build.0 = Release|Any CPU
		{E958187B-FB7F-4A2B-B006-A989C15BCCCC}.Release|x64.ActiveCfg = Release|Any CPU
		{E958187B-FB7F-4A2B-B006-A989C15BCCCC}.Release|x64.Build.0 = Release|Any CPU
		{E958187B-FB7F-4A2B-B006-A989C15BCCCC}.Release|x86.ActiveCfg = Release|Any CPU
		{E958187B-FB7F-4A2B-B006-A989C15BCCCC}.Release|x86.Build.0 = Release|Any CPU
	EndGlobalSection
	GlobalSection(SolutionProperties) = preSolution
		HideSolutionNode = FALSE
	EndGlobalSection
	GlobalSection(ExtensibilityGlobals) = postSolution
		SolutionGuid = {19246E1E-92EC-4AD9-A431-C5F4A364B12F}
	EndGlobalSection
EndGlobal
